
Microsoft Visual Studio Solution File, Format Version 12.00
# Visual Studio 15
VisualStudioVersion = 15.0.27428.2037
MinimumVisualStudioVersion = 10.0.40219.1
Project("{FAE04EC0-301F-11D3-BF4B-00C04F79EFBC}") = "ExplainToDucky", "ExplainToDucky\ExplainToDucky.csproj", "{AC23A3AB-13C3-49CC-B589-6ACD710CEF7E}"
EndProject
Global
	GlobalSection(SolutionConfigurationPlatforms) = preSolution
		Debug|Any CPU = Debug|Any CPU
		Release|Any CPU = Release|Any CPU
	EndGlobalSection
	GlobalSection(ProjectConfigurationPlatforms) = postSolution
		{AC23A3AB-13C3-49CC-B589-6ACD710CEF7E}.Debug|Any CPU.ActiveCfg = Debug|Any CPU
		{AC23A3AB-13C3-49CC-B589-6ACD710CEF7E}.Debug|Any CPU.Build.0 = Debug|Any CPU
		{AC23A3AB-13C3-49CC-B589-6ACD710CEF7E}.Release|Any CPU.ActiveCfg = Release|Any CPU
		{AC23A3AB-13C3-49CC-B589-6ACD710CEF7E}.Release|Any CPU.Build.0 = Release|Any CPU
	EndGlobalSection
	GlobalSection(SolutionProperties) = preSolution
		HideSolutionNode = FALSE
	EndGlobalSection
	GlobalSection(ExtensibilityGlobals) = postSolution
		SolutionGuid = {856981EF-7DD6-4FA8-9A86-99DEF3550A21}
	EndGlobalSection
EndGlobal
